
Microsoft Visual Studio Solution File, Format Version 12.00
# Visual Studio Version 16
VisualStudioVersion = 16.0.29509.3
MinimumVisualStudioVersion = 10.0.40219.1
Project("{FAE04EC0-301F-11D3-BF4B-00C04F79EFBC}") = "WorQLess.Net", "WorQLess.Net.csproj", "{9134604B-B44B-45D5-B469-E21876D9DACD}"
EndProject
Project("{FAE04EC0-301F-11D3-BF4B-00C04F79EFBC}") = "Test", "..\Test\Test.csproj", "{78B9500F-C19B-4754-8CE0-E2A7FC7AE2EB}"
EndProject
Global
	GlobalSection(SolutionConfigurationPlatforms) = preSolution
		Debug|Any CPU = Debug|Any CPU
		Release|Any CPU = Release|Any CPU
	EndGlobalSection
	GlobalSection(ProjectConfigurationPlatforms) = postSolution
		{9134604B-B44B-45D5-B469-E21876D9DACD}.Debug|Any CPU.ActiveCfg = Debug|Any CPU
		{9134604B-B44B-45D5-B469-E21876D9DACD}.Debug|Any CPU.Build.0 = Debug|Any CPU
		{9134604B-B44B-45D5-B469-E21876D9DACD}.Release|Any CPU.ActiveCfg = Release|Any CPU
		{9134604B-B44B-45D5-B469-E21876D9DACD}.Release|Any CPU.Build.0 = Release|Any CPU
		{78B9500F-C19B-4754-8CE0-E2A7FC7AE2EB}.Debug|Any CPU.ActiveCfg = Debug|Any CPU
		{78B9500F-C19B-4754-8CE0-E2A7FC7AE2EB}.Debug|Any CPU.Build.0 = Debug|Any CPU
		{78B9500F-C19B-4754-8CE0-E2A7FC7AE2EB}.Release|Any CPU.ActiveCfg = Release|Any CPU
		{78B9500F-C19B-4754-8CE0-E2A7FC7AE2EB}.Release|Any CPU.Build.0 = Release|Any CPU
	EndGlobalSection
	GlobalSection(SolutionProperties) = preSolution
		HideSolutionNode = FALSE
	EndGlobalSection
	GlobalSection(ExtensibilityGlobals) = postSolution
		SolutionGuid = {8FB8B51B-C81A-4B5A-B42C-861A1215C27A}
	EndGlobalSection
EndGlobal
